
Microsoft Visual Studio Solution File, Format Version 10.00
# Visual Studio 2008
Project("{FAE04EC0-301F-11D3-BF4B-00C04F79EFBC}") = "通过详情页抓取数据", "AmazonSpider2\通过详情页抓取数据.csproj", "{1BD4C9D1-B66D-40E7-A278-254109A65CAE}"
EndProject
Project("{FAE04EC0-301F-11D3-BF4B-00C04F79EFBC}") = "Test01", "Test01\Test01.csproj", "{7495E1E6-888B-46E8-BB8A-506124896C9C}"
EndProject
Project("{FAE04EC0-301F-11D3-BF4B-00C04F79EFBC}") = "通过列表页抓取详情页url", "通过列表页抓取详情页url\通过列表页抓取详情页url.csproj", "{71D63616-B7AE-49B2-8EC1-C9F744A3551F}"
EndProject
Global
	GlobalSection(SolutionConfigurationPlatforms) = preSolution
		Debug|Any CPU = Debug|Any CPU
		Release|Any CPU = Release|Any CPU
	EndGlobalSection
	GlobalSection(ProjectConfigurationPlatforms) = postSolution
		{1BD4C9D1-B66D-40E7-A278-254109A65CAE}.Debug|Any CPU.ActiveCfg = Debug|Any CPU
		{1BD4C9D1-B66D-40E7-A278-254109A65CAE}.Debug|Any CPU.Build.0 = Debug|Any CPU
		{1BD4C9D1-B66D-40E7-A278-254109A65CAE}.Release|Any CPU.ActiveCfg = Release|Any CPU
		{1BD4C9D1-B66D-40E7-A278-254109A65CAE}.Release|Any CPU.Build.0 = Release|Any CPU
		{7495E1E6-888B-46E8-BB8A-506124896C9C}.Debug|Any CPU.ActiveCfg = Debug|Any CPU
		{7495E1E6-888B-46E8-BB8A-506124896C9C}.Debug|Any CPU.Build.0 = Debug|Any CPU
		{7495E1E6-888B-46E8-BB8A-506124896C9C}.Release|Any CPU.ActiveCfg = Release|Any CPU
		{7495E1E6-888B-46E8-BB8A-506124896C9C}.Release|Any CPU.Build.0 = Release|Any CPU
		{71D63616-B7AE-49B2-8EC1-C9F744A3551F}.Debug|Any CPU.ActiveCfg = Debug|Any CPU
		{71D63616-B7AE-49B2-8EC1-C9F744A3551F}.Debug|Any CPU.Build.0 = Debug|Any CPU
		{71D63616-B7AE-49B2-8EC1-C9F744A3551F}.Release|Any CPU.ActiveCfg = Release|Any CPU
		{71D63616-B7AE-49B2-8EC1-C9F744A3551F}.Release|Any CPU.Build.0 = Release|Any CPU
	EndGlobalSection
	GlobalSection(SolutionProperties) = preSolution
		HideSolutionNode = FALSE
	EndGlobalSection
EndGlobal
